// !$*UTF8*$!
{
	archiveVersion = 1;
	classes = {
	};
	objectVersion = 56;
	objects = {

/* Begin PBXBuildFile section */
		CB258CA32A3D5C440059CC42 /* AppDelegate.swift in Sources */ = {isa = PBXBuildFile; fileRef = CB258CA22A3D5C440059CC42 /* AppDelegate.swift */; };
		CBB924F32A3C12980010ED66 /* ScreenGoApp.swift in Sources */ = {isa = PBXBuildFile; fileRef = CBB924F22A3C12980010ED66 /* ScreenGoApp.swift */; };
		CBB924F52A3C12980010ED66 /* ContentView.swift in Sources */ = {isa = PBXBuildFile; fileRef = CBB924F42A3C12980010ED66 /* ContentView.swift */; };
		CBB924F72A3C12990010ED66 /* Assets.xcassets in Resources */ = {isa = PBXBuildFile; fileRef = CBB924F62A3C12990010ED66 /* Assets.xcassets */; };
		CBB924FA2A3C12990010ED66 /* Preview Assets.xcassets in Resources */ = {isa = PBXBuildFile; fileRef = CBB924F92A3C12990010ED66 /* Preview Assets.xcassets */; };
		CBB925042A3C12990010ED66 /* ScreenGoTests.swift in Sources */ = {isa = PBXBuildFile; fileRef = CBB925032A3C12990010ED66 /* ScreenGoTests.swift */; };
		CBB9250E2A3C12990010ED66 /* ScreenGoUITests.swift in Sources */ = {isa = PBXBuildFile; fileRef = CBB9250D2A3C12990010ED66 /* ScreenGoUITests.swift */; };
		CBB925102A3C12990010ED66 /* ScreenGoUITestsLaunchTests.swift in Sources */ = {isa = PBXBuildFile; fileRef = CBB9250F2A3C12990010ED66 /* ScreenGoUITestsLaunchTests.swift */; };
		CBB9251F2A3C13280010ED66 /* VideoPreviewView.swift in Sources */ = {isa = PBXBuildFile; fileRef = CBB9251E2A3C13280010ED66 /* VideoPreviewView.swift */; };
		CBB925222A3C6A050010ED66 /* ViewModel.swift in Sources */ = {isa = PBXBuildFile; fileRef = CBB925212A3C6A050010ED66 /* ViewModel.swift */; };
/* End PBXBuildFile section */

/* Begin PBXContainerItemProxy section */
		CBB925002A3C12990010ED66 /* PBXContainerItemProxy */ = {
			isa = PBXContainerItemProxy;
			containerPortal = CBB924E72A3C12970010ED66 /* Project object */;
			proxyType = 1;
			remoteGlobalIDString = CBB924EE2A3C12980010ED66;
			remoteInfo = ScreenGo;
		};
		CBB9250A2A3C12990010ED66 /* PBXContainerItemProxy */ = {
			isa = PBXContainerItemProxy;
			containerPortal = CBB924E72A3C12970010ED66 /* Project object */;
			proxyType = 1;
			remoteGlobalIDString = CBB924EE2A3C12980010ED66;
			remoteInfo = ScreenGo;
		};
/* End PBXContainerItemProxy section */

/* Begin PBXFileReference section */
		CB258CA22A3D5C440059CC42 /* AppDelegate.swift */ = {isa = PBXFileReference; lastKnownFileType = sourcecode.swift; path = AppDelegate.swift; sourceTree = "<group>"; };
		CBB924EF2A3C12980010ED66 /* ScreenGo.app */ = {isa = PBXFileReference; explicitFileType = wrapper.application; includeInIndex = 0; path = ScreenGo.app; sourceTree = BUILT_PRODUCTS_DIR; };
		CBB924F22A3C12980010ED66 /* ScreenGoApp.swift */ = {isa = PBXFileReference; lastKnownFileType = sourcecode.swift; path = ScreenGoApp.swift; sourceTree = "<group>"; };
		CBB924F42A3C12980010ED66 /* ContentView.swift */ = {isa = PBXFileReference; lastKnownFileType = sourcecode.swift; path = ContentView.swift; sourceTree = "<group>"; };
		CBB924F62A3C12990010ED66 /* Assets.xcassets */ = {isa = PBXFileReference; lastKnownFileType = folder.assetcatalog; path = Assets.xcassets; sourceTree = "<group>"; };
		CBB924F92A3C12990010ED66 /* Preview Assets.xcassets */ = {isa = PBXFileReference; lastKnownFileType = folder.assetcatalog; path = "Preview Assets.xcassets"; sourceTree = "<group>"; };
		CBB924FF2A3C12990010ED66 /* ScreenGoTests.xctest */ = {isa = PBXFileReference; explicitFileType = wrapper.cfbundle; includeInIndex = 0; path = ScreenGoTests.xctest; sourceTree = BUILT_PRODUCTS_DIR; };
		CBB925032A3C12990010ED66 /* ScreenGoTests.swift */ = {isa = PBXFileReference; lastKnownFileType = sourcecode.swift; path = ScreenGoTests.swift; sourceTree = "<group>"; };
		CBB925092A3C12990010ED66 /* ScreenGoUITests.xctest */ = {isa = PBXFileReference; explicitFileType = wrapper.cfbundle; includeInIndex = 0; path = ScreenGoUITests.xctest; sourceTree = BUILT_PRODUCTS_DIR; };
		CBB9250D2A3C12990010ED66 /* ScreenGoUITests.swift */ = {isa = PBXFileReference; lastKnownFileType = sourcecode.swift; path = ScreenGoUITests.swift; sourceTree = "<group>"; };
		CBB9250F2A3C12990010ED66 /* ScreenGoUITestsLaunchTests.swift */ = {isa = PBXFileReference; lastKnownFileType = sourcecode.swift; path = ScreenGoUITestsLaunchTests.swift; sourceTree = "<group>"; };
		CBB9251E2A3C13280010ED66 /* VideoPreviewView.swift */ = {isa = PBXFileReference; lastKnownFileType = sourcecode.swift; path = VideoPreviewView.swift; sourceTree = "<group>"; };
		CBB925202A3C63960010ED66 /* Info.plist */ = {isa = PBXFileReference; lastKnownFileType = text.plist; path = Info.plist; sourceTree = "<group>"; };
		CBB925212A3C6A050010ED66 /* ViewModel.swift */ = {isa = PBXFileReference; lastKnownFileType = sourcecode.swift; path = ViewModel.swift; sourceTree = "<group>"; };
/* End PBXFileReference section */

/* Begin PBXFrameworksBuildPhase section */
		CBB924EC2A3C12980010ED66 /* Frameworks */ = {
			isa = PBXFrameworksBuildPhase;
			buildActionMask = 2147483647;
			files = (
			);
			runOnlyForDeploymentPostprocessing = 0;
		};
		CBB924FC2A3C12990010ED66 /* Frameworks */ = {
			isa = PBXFrameworksBuildPhase;
			buildActionMask = 2147483647;
			files = (
			);
			runOnlyForDeploymentPostprocessing = 0;
		};
		CBB925062A3C12990010ED66 /* Frameworks */ = {
			isa = PBXFrameworksBuildPhase;
			buildActionMask = 2147483647;
			files = (
			);
			runOnlyForDeploymentPostprocessing = 0;
		};
/* End PBXFrameworksBuildPhase section */

/* Begin PBXGroup section */
		CBB924E62A3C12970010ED66 = {
			isa = PBXGroup;
			children = (
				CBB924F12A3C12980010ED66 /* ScreenGo */,
				CBB925022A3C12990010ED66 /* ScreenGoTests */,
				CBB9250C2A3C12990010ED66 /* ScreenGoUITests */,
				CBB924F02A3C12980010ED66 /* Products */,
			);
			sourceTree = "<group>";
		};
		CBB924F02A3C12980010ED66 /* Products */ = {
			isa = PBXGroup;
			children = (
				CBB924EF2A3C12980010ED66 /* ScreenGo.app */,
				CBB924FF2A3C12990010ED66 /* ScreenGoTests.xctest */,
				CBB925092A3C12990010ED66 /* ScreenGoUITests.xctest */,
			);
			name = Products;
			sourceTree = "<group>";
		};
		CBB924F12A3C12980010ED66 /* ScreenGo */ = {
			isa = PBXGroup;
			children = (
				CBB925202A3C63960010ED66 /* Info.plist */,
				CBB924F22A3C12980010ED66 /* ScreenGoApp.swift */,
				CBB924F42A3C12980010ED66 /* ContentView.swift */,
				CBB924F62A3C12990010ED66 /* Assets.xcassets */,
				CBB924F82A3C12990010ED66 /* Preview Content */,
				CBB9251E2A3C13280010ED66 /* VideoPreviewView.swift */,
				CBB925212A3C6A050010ED66 /* ViewModel.swift */,
				CB258CA22A3D5C440059CC42 /* AppDelegate.swift */,
			);
			path = ScreenGo;
			sourceTree = "<group>";
		};
		CBB924F82A3C12990010ED66 /* Preview Content */ = {
			isa = PBXGroup;
			children = (
				CBB924F92A3C12990010ED66 /* Preview Assets.xcassets */,
			);
			path = "Preview Content";
			sourceTree = "<group>";
		};
		CBB925022A3C12990010ED66 /* ScreenGoTests */ = {
			isa = PBXGroup;
			children = (
				CBB925032A3C12990010ED66 /* ScreenGoTests.swift */,
			);
			path = ScreenGoTests;
			sourceTree = "<group>";
		};
		CBB9250C2A3C12990010ED66 /* ScreenGoUITests */ = {
			isa = PBXGroup;
			children = (
				CBB9250D2A3C12990010ED66 /* ScreenGoUITests.swift */,
				CBB9250F2A3C12990010ED66 /* ScreenGoUITestsLaunchTests.swift */,
			);
			path = ScreenGoUITests;
			sourceTree = "<group>";
		};
/* End PBXGroup section */

/* Begin PBXNativeTarget section */
		CBB924EE2A3C12980010ED66 /* ScreenGo */ = {
			isa = PBXNativeTarget;
			buildConfigurationList = CBB925132A3C12990010ED66 /* Build configuration list for PBXNativeTarget "ScreenGo" */;
			buildPhases = (
				CBB924EB2A3C12980010ED66 /* Sources */,
				CBB924EC2A3C12980010ED66 /* Frameworks */,
				CBB924ED2A3C12980010ED66 /* Resources */,
			);
			buildRules = (
			);
			dependencies = (
			);
			name = ScreenGo;
			productName = ScreenGo;
			productReference = CBB924EF2A3C12980010ED66 /* ScreenGo.app */;
			productType = "com.apple.product-type.application";
		};
		CBB924FE2A3C12990010ED66 /* ScreenGoTests */ = {
			isa = PBXNativeTarget;
			buildConfigurationList = CBB925162A3C12990010ED66 /* Build configuration list for PBXNativeTarget "ScreenGoTests" */;
			buildPhases = (
				CBB924FB2A3C12990010ED66 /* Sources */,
				CBB924FC2A3C12990010ED66 /* Frameworks */,
				CBB924FD2A3C12990010ED66 /* Resources */,
			);
			buildRules = (
			);
			dependencies = (
				CBB925012A3C12990010ED66 /* PBXTargetDependency */,
			);
			name = ScreenGoTests;
			productName = ScreenGoTests;
			productReference = CBB924FF2A3C12990010ED66 /* ScreenGoTests.xctest */;
			productType = "com.apple.product-type.bundle.unit-test";
		};
		CBB925082A3C12990010ED66 /* ScreenGoUITests */ = {
			isa = PBXNativeTarget;
			buildConfigurationList = CBB925192A3C12990010ED66 /* Build configuration list for PBXNativeTarget "ScreenGoUITests" */;
			buildPhases = (
				CBB925052A3C12990010ED66 /* Sources */,
				CBB925062A3C12990010ED66 /* Frameworks */,
				CBB925072A3C12990010ED66 /* Resources */,
			);
			buildRules = (
			);
			dependencies = (
				CBB9250B2A3C12990010ED66 /* PBXTargetDependency */,
			);
			name = ScreenGoUITests;
			productName = ScreenGoUITests;
			productReference = CBB925092A3C12990010ED66 /* ScreenGoUITests.xctest */;
			productType = "com.apple.product-type.bundle.ui-testing";
		};
/* End PBXNativeTarget section */

/* Begin PBXProject section */
		CBB924E72A3C12970010ED66 /* Project object */ = {
			isa = PBXProject;
			attributes = {
				BuildIndependentTargetsInParallel = 1;
				LastSwiftUpdateCheck = 1500;
				LastUpgradeCheck = 1500;
				TargetAttributes = {
					CBB924EE2A3C12980010ED66 = {
						CreatedOnToolsVersion = 15.0;
					};
					CBB924FE2A3C12990010ED66 = {
						CreatedOnToolsVersion = 15.0;
						TestTargetID = CBB924EE2A3C12980010ED66;
					};
					CBB925082A3C12990010ED66 = {
						CreatedOnToolsVersion = 15.0;
						TestTargetID = CBB924EE2A3C12980010ED66;
					};
				};
			};
			buildConfigurationList = CBB924EA2A3C12970010ED66 /* Build configuration list for PBXProject "ScreenGo" */;
			compatibilityVersion = "Xcode 14.0";
			developmentRegion = en;
			hasScannedForEncodings = 0;
			knownRegions = (
				en,
				Base,
			);
			mainGroup = CBB924E62A3C12970010ED66;
			productRefGroup = CBB924F02A3C12980010ED66 /* Products */;
			projectDirPath = "";
			projectRoot = "";
			targets = (
				CBB924EE2A3C12980010ED66 /* ScreenGo */,
				CBB924FE2A3C12990010ED66 /* ScreenGoTests */,
				CBB925082A3C12990010ED66 /* ScreenGoUITests */,
			);
		};
/* End PBXProject section */

/* Begin PBXResourcesBuildPhase section */
		CBB924ED2A3C12980010ED66 /* Resources */ = {
			isa = PBXResourcesBuildPhase;
			buildActionMask = 2147483647;
			files = (
				CBB924FA2A3C12990010ED66 /* Preview Assets.xcassets in Resources */,
				CBB924F72A3C12990010ED66 /* Assets.xcassets in Resources */,
			);
			runOnlyForDeploymentPostprocessing = 0;
		};
		CBB924FD2A3C12990010ED66 /* Resources */ = {
			isa = PBXResourcesBuildPhase;
			buildActionMask = 2147483647;
			files = (
			);
			runOnlyForDeploymentPostprocessing = 0;
		};
		CBB925072A3C12990010ED66 /* Resources */ = {
			isa = PBXResourcesBuildPhase;
			buildActionMask = 2147483647;
			files = (
			);
			runOnlyForDeploymentPostprocessing = 0;
		};
/* End PBXResourcesBuildPhase section */

/* Begin PBXSourcesBuildPhase section */
		CBB924EB2A3C12980010ED66 /* Sources */ = {
			isa = PBXSourcesBuildPhase;
			buildActionMask = 2147483647;
			files = (
				CBB9251F2A3C13280010ED66 /* VideoPreviewView.swift in Sources */,
				CBB924F52A3C12980010ED66 /* ContentView.swift in Sources */,
				CBB924F32A3C12980010ED66 /* ScreenGoApp.swift in Sources */,
				CB258CA32A3D5C440059CC42 /* AppDelegate.swift in Sources */,
				CBB925222A3C6A050010ED66 /* ViewModel.swift in Sources */,
			);
			runOnlyForDeploymentPostprocessing = 0;
		};
		CBB924FB2A3C12990010ED66 /* Sources */ = {
			isa = PBXSourcesBuildPhase;
			buildActionMask = 2147483647;
			files = (
				CBB925042A3C12990010ED66 /* ScreenGoTests.swift in Sources */,
			);
			runOnlyForDeploymentPostprocessing = 0;
		};
		CBB925052A3C12990010ED66 /* Sources */ = {
			isa = PBXSourcesBuildPhase;
			buildActionMask = 2147483647;
			files = (
				CBB925102A3C12990010ED66 /* ScreenGoUITestsLaunchTests.swift in Sources */,
				CBB9250E2A3C12990010ED66 /* ScreenGoUITests.swift in Sources */,
			);
			runOnlyForDeploymentPostprocessing = 0;
		};
/* End PBXSourcesBuildPhase section */

/* Begin PBXTargetDependency section */
		CBB925012A3C12990010ED66 /* PBXTargetDependency */ = {
			isa = PBXTargetDependency;
			target = CBB924EE2A3C12980010ED66 /* ScreenGo */;
			targetProxy = CBB925002A3C12990010ED66 /* PBXContainerItemProxy */;
		};
		CBB9250B2A3C12990010ED66 /* PBXTargetDependency */ = {
			isa = PBXTargetDependency;
			target = CBB924EE2A3C12980010ED66 /* ScreenGo */;
			targetProxy = CBB9250A2A3C12990010ED66 /* PBXContainerItemProxy */;
		};
/* End PBXTargetDependency section */

/* Begin XCBuildConfiguration section */
		CBB925112A3C12990010ED66 /* Debug */ = {
			isa = XCBuildConfiguration;
			buildSettings = {
				ALWAYS_SEARCH_USER_PATHS = NO;
				ASSETCATALOG_COMPILER_GENERATE_SWIFT_ASSET_SYMBOL_EXTENSIONS = YES;
				CLANG_ANALYZER_NONNULL = YES;
				CLANG_ANALYZER_NUMBER_OBJECT_CONVERSION = YES_AGGRESSIVE;
				CLANG_CXX_LANGUAGE_STANDARD = "gnu++20";
				CLANG_ENABLE_MODULES = YES;
				CLANG_ENABLE_OBJC_ARC = YES;
				CLANG_ENABLE_OBJC_WEAK = YES;
				CLANG_WARN_BLOCK_CAPTURE_AUTORELEASING = YES;
				CLANG_WARN_BOOL_CONVERSION = YES;
				CLANG_WARN_COMMA = YES;
				CLANG_WARN_CONSTANT_CONVERSION = YES;
				CLANG_WARN_DEPRECATED_OBJC_IMPLEMENTATIONS = YES;
				CLANG_WARN_DIRECT_OBJC_ISA_USAGE = YES_ERROR;
				CLANG_WARN_DOCUMENTATION_COMMENTS = YES;
				CLANG_WARN_EMPTY_BODY = YES;
				CLANG_WARN_ENUM_CONVERSION = YES;
				CLANG_WARN_INFINITE_RECURSION = YES;
				CLANG_WARN_INT_CONVERSION = YES;
				CLANG_WARN_NON_LITERAL_NULL_CONVERSION = YES;
				CLANG_WARN_OBJC_IMPLICIT_RETAIN_SELF = YES;
				CLANG_WARN_OBJC_LITERAL_CONVERSION = YES;
				CLANG_WARN_OBJC_ROOT_CLASS = YES_ERROR;
				CLANG_WARN_QUOTED_INCLUDE_IN_FRAMEWORK_HEADER = YES;
				CLANG_WARN_RANGE_LOOP_ANALYSIS = YES;
				CLANG_WARN_STRICT_PROTOTYPES = YES;
				CLANG_WARN_SUSPICIOUS_MOVE = YES;
				CLANG_WARN_UNGUARDED_AVAILABILITY = YES_AGGRESSIVE;
				CLANG_WARN_UNREACHABLE_CODE = YES;
				CLANG_WARN__DUPLICATE_METHOD_MATCH = YES;
				COPY_PHASE_STRIP = NO;
				DEBUG_INFORMATION_FORMAT = dwarf;
				ENABLE_STRICT_OBJC_MSGSEND = YES;
				ENABLE_TESTABILITY = YES;
				ENABLE_USER_SCRIPT_SANDBOXING = YES;
				GCC_C_LANGUAGE_STANDARD = gnu17;
				GCC_DYNAMIC_NO_PIC = NO;
				GCC_NO_COMMON_BLOCKS = YES;
				GCC_OPTIMIZATION_LEVEL = 0;
				GCC_PREPROCESSOR_DEFINITIONS = (
					"DEBUG=1",
					"$(inherited)",
				);
				GCC_WARN_64_TO_32_BIT_CONVERSION = YES;
				GCC_WARN_ABOUT_RETURN_TYPE = YES_ERROR;
				GCC_WARN_UNDECLARED_SELECTOR = YES;
				GCC_WARN_UNINITIALIZED_AUTOS = YES_AGGRESSIVE;
				GCC_WARN_UNUSED_FUNCTION = YES;
				GCC_WARN_UNUSED_VARIABLE = YES;
				IPHONEOS_DEPLOYMENT_TARGET = 17.0;
				LOCALIZATION_PREFERS_STRING_CATALOGS = YES;
				MTL_ENABLE_DEBUG_INFO = INCLUDE_SOURCE;
				MTL_FAST_MATH = YES;
				ONLY_ACTIVE_ARCH = YES;
				SDKROOT = iphoneos;
				SWIFT_ACTIVE_COMPILATION_CONDITIONS = "DEBUG $(inherited)";
				SWIFT_OPTIMIZATION_LEVEL = "-Onone";
			};
			name = Debug;
		};
		CBB925122A3C12990010ED66 /* Release */ = {
			isa = XCBuildConfiguration;
			buildSettings = {
				ALWAYS_SEARCH_USER_PATHS = NO;
				ASSETCATALOG_COMPILER_GENERATE_SWIFT_ASSET_SYMBOL_EXTENSIONS = YES;
				CLANG_ANALYZER_NONNULL = YES;
				CLANG_ANALYZER_NUMBER_OBJECT_CONVERSION = YES_AGGRESSIVE;
				CLANG_CXX_LANGUAGE_STANDARD = "gnu++20";
				CLANG_ENABLE_MODULES = YES;
				CLANG_ENABLE_OBJC_ARC = YES;
				CLANG_ENABLE_OBJC_WEAK = YES;
				CLANG_WARN_BLOCK_CAPTURE_AUTORELEASING = YES;
				CLANG_WARN_BOOL_CONVERSION = YES;
				CLANG_WARN_COMMA = YES;
				CLANG_WARN_CONSTANT_CONVERSION = YES;
				CLANG_WARN_DEPRECATED_OBJC_IMPLEMENTATIONS = YES;
				CLANG_WARN_DIRECT_OBJC_ISA_USAGE = YES_ERROR;
				CLANG_WARN_DOCUMENTATION_COMMENTS = YES;
				CLANG_WARN_EMPTY_BODY = YES;
				CLANG_WARN_ENUM_CONVERSION = YES;
				CLANG_WARN_INFINITE_RECURSION = YES;
				CLANG_WARN_INT_CONVERSION = YES;
				CLANG_WARN_NON_LITERAL_NULL_CONVERSION = YES;
				CLANG_WARN_OBJC_IMPLICIT_RETAIN_SELF = YES;
				CLANG_WARN_OBJC_LITERAL_CONVERSION = YES;
				CLANG_WARN_OBJC_ROOT_CLASS = YES_ERROR;
				CLANG_WARN_QUOTED_INCLUDE_IN_FRAMEWORK_HEADER = YES;
				CLANG_WARN_RANGE_LOOP_ANALYSIS = YES;
				CLANG_WARN_STRICT_PROTOTYPES = YES;
				CLANG_WARN_SUSPICIOUS_MOVE = YES;
				CLANG_WARN_UNGUARDED_AVAILABILITY = YES_AGGRESSIVE;
				CLANG_WARN_UNREACHABLE_CODE = YES;
				CLANG_WARN__DUPLICATE_METHOD_MATCH = YES;
				COPY_PHASE_STRIP = NO;
				DEBUG_INFORMATION_FORMAT = "dwarf-with-dsym";
				ENABLE_NS_ASSERTIONS = NO;
				ENABLE_STRICT_OBJC_MSGSEND = YES;
				ENABLE_USER_SCRIPT_SANDBOXING = YES;
				GCC_C_LANGUAGE_STANDARD = gnu17;
				GCC_NO_COMMON_BLOCKS = YES;
				GCC_WARN_64_TO_32_BIT_CONVERSION = YES;
				GCC_WARN_ABOUT_RETURN_TYPE = YES_ERROR;
				GCC_WARN_UNDECLARED_SELECTOR = YES;
				GCC_WARN_UNINITIALIZED_AUTOS = YES_AGGRESSIVE;
				GCC_WARN_UNUSED_FUNCTION = YES;
				GCC_WARN_UNUSED_VARIABLE = YES;
				IPHONEOS_DEPLOYMENT_TARGET = 17.0;
				LOCALIZATION_PREFERS_STRING_CATALOGS = YES;
				MTL_ENABLE_DEBUG_INFO = NO;
				MTL_FAST_MATH = YES;
				SDKROOT = iphoneos;
				SWIFT_COMPILATION_MODE = wholemodule;
				VALIDATE_PRODUCT = YES;
			};
			name = Release;
		};
		CBB925142A3C12990010ED66 /* Debug */ = {
			isa = XCBuildConfiguration;
			buildSettings = {
				ASSETCATALOG_COMPILER_APPICON_NAME = AppIcon;
				ASSETCATALOG_COMPILER_GLOBAL_ACCENT_COLOR_NAME = AccentColor;
				CODE_SIGN_STYLE = Automatic;
				CURRENT_PROJECT_VERSION = 5;
				DEVELOPMENT_ASSET_PATHS = "\"ScreenGo/Preview Content\"";
				DEVELOPMENT_TEAM = AKBT3V7DRV;
				ENABLE_PREVIEWS = YES;
				GENERATE_INFOPLIST_FILE = YES;
				INFOPLIST_FILE = ScreenGo/Info.plist;
				INFOPLIST_KEY_CFBundleDisplayName = ScreenGO;
				INFOPLIST_KEY_LSApplicationCategoryType = "public.app-category.entertainment";
				INFOPLIST_KEY_NSCameraUsageDescription = "获取采集卡数据";
				INFOPLIST_KEY_NSMicrophoneUsageDescription = "获取采集卡数据";
				INFOPLIST_KEY_UIApplicationSupportsIndirectInputEvents = YES;
				INFOPLIST_KEY_UILaunchScreen_Generation = YES;
				INFOPLIST_KEY_UISupportedInterfaceOrientations = "UIInterfaceOrientationLandscapeLeft UIInterfaceOrientationLandscapeRight UIInterfaceOrientationPortrait";
				INFOPLIST_KEY_UISupportedInterfaceOrientations_iPad = "UIInterfaceOrientationLandscapeLeft UIInterfaceOrientationLandscapeRight UIInterfaceOrientationPortrait UIInterfaceOrientationPortraitUpsideDown";
				LD_RUNPATH_SEARCH_PATHS = (
					"$(inherited)",
					"@executable_path/Frameworks",
				);
				MARKETING_VERSION = 0.0.1;
				PRODUCT_BUNDLE_IDENTIFIER = ScreenGo.zwang.fun;
				PRODUCT_NAME = "$(TARGET_NAME)";
				SUPPORTED_PLATFORMS = "iphoneos iphonesimulator";
				SUPPORTS_MACCATALYST = NO;
				SUPPORTS_MAC_DESIGNED_FOR_IPHONE_IPAD = NO;
				SWIFT_EMIT_LOC_STRINGS = YES;
				SWIFT_VERSION = 5.0;
				TARGETED_DEVICE_FAMILY = 2;
			};
			name = Debug;
		};
		CBB925152A3C12990010ED66 /* Release */ = {
			isa = XCBuildConfiguration;
			buildSettings = {
				ASSETCATALOG_COMPILER_APPICON_NAME = AppIcon;
				ASSETCATALOG_COMPILER_GLOBAL_ACCENT_COLOR_NAME = AccentColor;
				CODE_SIGN_STYLE = Automatic;
				CURRENT_PROJECT_VERSION = 5;
				DEVELOPMENT_ASSET_PATHS = "\"ScreenGo/Preview Content\"";
				DEVELOPMENT_TEAM = AKBT3V7DRV;
				ENABLE_PREVIEWS = YES;
				GENERATE_INFOPLIST_FILE = YES;
				INFOPLIST_FILE = ScreenGo/Info.plist;
				INFOPLIST_KEY_CFBundleDisplayName = ScreenGO;
				INFOPLIST_KEY_LSApplicationCategoryType = "public.app-category.entertainment";
				INFOPLIST_KEY_NSCameraUsageDescription = "获取采集卡数据";
				INFOPLIST_KEY_NSMicrophoneUsageDescription = "获取采集卡数据";
				INFOPLIST_KEY_UIApplicationSupportsIndirectInputEvents = YES;
				INFOPLIST_KEY_UILaunchScreen_Generation = YES;
				INFOPLIST_KEY_UISupportedInterfaceOrientations = "UIInterfaceOrientationLandscapeLeft UIInterfaceOrientationLandscapeRight UIInterfaceOrientationPortrait";
				INFOPLIST_KEY_UISupportedInterfaceOrientations_iPad = "UIInterfaceOrientationLandscapeLeft UIInterfaceOrientationLandscapeRight UIInterfaceOrientationPortrait UIInterfaceOrientationPortraitUpsideDown";
				LD_RUNPATH_SEARCH_PATHS = (
					"$(inherited)",
					"@executable_path/Frameworks",
				);
				MARKETING_VERSION = 0.0.1;
				PRODUCT_BUNDLE_IDENTIFIER = ScreenGo.zwang.fun;
				PRODUCT_NAME = "$(TARGET_NAME)";
				SUPPORTED_PLATFORMS = "iphoneos iphonesimulator";
				SUPPORTS_MACCATALYST = NO;
				SUPPORTS_MAC_DESIGNED_FOR_IPHONE_IPAD = NO;
				SWIFT_EMIT_LOC_STRINGS = YES;
				SWIFT_VERSION = 5.0;
				TARGETED_DEVICE_FAMILY = 2;
			};
			name = Release;
		};
		CBB925172A3C12990010ED66 /* Debug */ = {
			isa = XCBuildConfiguration;
			buildSettings = {
				ALWAYS_EMBED_SWIFT_STANDARD_LIBRARIES = YES;
				BUNDLE_LOADER = "$(TEST_HOST)";
				CODE_SIGN_STYLE = Automatic;
				CURRENT_PROJECT_VERSION = 1;
				DEVELOPMENT_TEAM = AKBT3V7DRV;
				GENERATE_INFOPLIST_FILE = YES;
				IPHONEOS_DEPLOYMENT_TARGET = 17.0;
				MARKETING_VERSION = 1.0;
				PRODUCT_BUNDLE_IDENTIFIER = zwang.fun.ScreenGoTests;
				PRODUCT_NAME = "$(TARGET_NAME)";
				SWIFT_EMIT_LOC_STRINGS = NO;
				SWIFT_VERSION = 5.0;
				TARGETED_DEVICE_FAMILY = "1,2";
				TEST_HOST = "$(BUILT_PRODUCTS_DIR)/ScreenGo.app/$(BUNDLE_EXECUTABLE_FOLDER_PATH)/ScreenGo";
			};
			name = Debug;
		};
		CBB925182A3C12990010ED66 /* Release */ = {
			isa = XCBuildConfiguration;
			buildSettings = {
				ALWAYS_EMBED_SWIFT_STANDARD_LIBRARIES = YES;
				BUNDLE_LOADER = "$(TEST_HOST)";
				CODE_SIGN_STYLE = Automatic;
				CURRENT_PROJECT_VERSION = 1;
				DEVELOPMENT_TEAM = AKBT3V7DRV;
				GENERATE_INFOPLIST_FILE = YES;
				IPHONEOS_DEPLOYMENT_TARGET = 17.0;
				MARKETING_VERSION = 1.0;
				PRODUCT_BUNDLE_IDENTIFIER = zwang.fun.ScreenGoTests;
				PRODUCT_NAME = "$(TARGET_NAME)";
				SWIFT_EMIT_LOC_STRINGS = NO;
				SWIFT_VERSION = 5.0;
				TARGETED_DEVICE_FAMILY = "1,2";
				TEST_HOST = "$(BUILT_PRODUCTS_DIR)/ScreenGo.app/$(BUNDLE_EXECUTABLE_FOLDER_PATH)/ScreenGo";
			};
			name = Release;
		};
		CBB9251A2A3C12990010ED66 /* Debug */ = {
			isa = XCBuildConfiguration;
			buildSettings = {
				ALWAYS_EMBED_SWIFT_STANDARD_LIBRARIES = YES;
				CODE_SIGN_STYLE = Automatic;
				CURRENT_PROJECT_VERSION = 1;
				DEVELOPMENT_TEAM = AKBT3V7DRV;
				GENERATE_INFOPLIST_FILE = YES;
				MARKETING_VERSION = 1.0;
				PRODUCT_BUNDLE_IDENTIFIER = zwang.fun.ScreenGoUITests;
				PRODUCT_NAME = "$(TARGET_NAME)";
				SWIFT_EMIT_LOC_STRINGS = NO;
				SWIFT_VERSION = 5.0;
				TARGETED_DEVICE_FAMILY = "1,2";
				TEST_TARGET_NAME = ScreenGo;
			};
			name = Debug;
		};
		CBB9251B2A3C12990010ED66 /* Release */ = {
			isa = XCBuildConfiguration;
			buildSettings = {
				ALWAYS_EMBED_SWIFT_STANDARD_LIBRARIES = YES;
				CODE_SIGN_STYLE = Automatic;
				CURRENT_PROJECT_VERSION = 1;
				DEVELOPMENT_TEAM = AKBT3V7DRV;
				GENERATE_INFOPLIST_FILE = YES;
				MARKETING_VERSION = 1.0;
				PRODUCT_BUNDLE_IDENTIFIER = zwang.fun.ScreenGoUITests;
				PRODUCT_NAME = "$(TARGET_NAME)";
				SWIFT_EMIT_LOC_STRINGS = NO;
				SWIFT_VERSION = 5.0;
				TARGETED_DEVICE_FAMILY = "1,2";
				TEST_TARGET_NAME = ScreenGo;
			};
			name = Release;
		};
/* End XCBuildConfiguration section */

/* Begin XCConfigurationList section */
		CBB924EA2A3C12970010ED66 /* Build configuration list for PBXProject "ScreenGo" */ = {
			isa = XCConfigurationList;
			buildConfigurations = (
				CBB925112A3C12990010ED66 /* Debug */,
				CBB925122A3C12990010ED66 /* Release */,
			);
			defaultConfigurationIsVisible = 0;
			defaultConfigurationName = Release;
		};
		CBB925132A3C12990010ED66 /* Build configuration list for PBXNativeTarget "ScreenGo" */ = {
			isa = XCConfigurationList;
			buildConfigurations = (
				CBB925142A3C12990010ED66 /* Debug */,
				CBB925152A3C12990010ED66 /* Release */,
			);
			defaultConfigurationIsVisible = 0;
			defaultConfigurationName = Release;
		};
		CBB925162A3C12990010ED66 /* Build configuration list for PBXNativeTarget "ScreenGoTests" */ = {
			isa = XCConfigurationList;
			buildConfigurations = (
				CBB925172A3C12990010ED66 /* Debug */,
				CBB925182A3C12990010ED66 /* Release */,
			);
			defaultConfigurationIsVisible = 0;
			defaultConfigurationName = Release;
		};
		CBB925192A3C12990010ED66 /* Build configuration list for PBXNativeTarget "ScreenGoUITests" */ = {
			isa = XCConfigurationList;
			buildConfigurations = (
				CBB9251A2A3C12990010ED66 /* Debug */,
				CBB9251B2A3C12990010ED66 /* Release */,
			);
			defaultConfigurationIsVisible = 0;
			defaultConfigurationName = Release;
		};
/* End XCConfigurationList section */
	};
	rootObject = CBB924E72A3C12970010ED66 /* Project object */;
}
